
Microsoft Visual Studio Solution File, Format Version 12.00
# Visual Studio Version 17
VisualStudioVersion = 17.0.31903.59
MinimumVisualStudioVersion = 10.0.40219.1
Project("{2150E333-8FDC-42A3-9474-1A3956D46DE8}") = "src", "src", "{35BFB762-39B2-4AEA-AA56-E2A132F30973}"
EndProject
Project("{FAE04EC0-301F-11D3-BF4B-00C04F79EFBC}") = "FileOrganizer.Core", "src\FileOrganizer.Core\FileOrganizer.Core.csproj", "{13BC00CE-69BE-4560-8AB3-72FF76BF3477}"
EndProject
Project("{2150E333-8FDC-42A3-9474-1A3956D46DE8}") = "tests", "tests", "{2D069A92-4094-42FB-9024-B82153C75039}"
EndProject
Project("{FAE04EC0-301F-11D3-BF4B-00C04F79EFBC}") = "FileOrganizer.Core.Tests", "tests\FileOrganizer.Core.Tests\FileOrganizer.Core.Tests.csproj", "{369B1844-B30F-43C1-8B5D-2322E78CA729}"
EndProject
Project("{FAE04EC0-301F-11D3-BF4B-00C04F79EFBC}") = "FileOrganizer.App", "src\FileOrganizer.App\FileOrganizer.App.csproj", "{7057ED8E-B3EB-4CA2-9D17-AEEF5034EE13}"
EndProject
Global
	GlobalSection(SolutionConfigurationPlatforms) = preSolution
		Debug|Any CPU = Debug|Any CPU
		Release|Any CPU = Release|Any CPU
	EndGlobalSection
	GlobalSection(SolutionProperties) = preSolution
		HideSolutionNode = FALSE
	EndGlobalSection
	GlobalSection(ProjectConfigurationPlatforms) = postSolution
		{13BC00CE-69BE-4560-8AB3-72FF76BF3477}.Debug|Any CPU.ActiveCfg = Debug|Any CPU
		{13BC00CE-69BE-4560-8AB3-72FF76BF3477}.Debug|Any CPU.Build.0 = Debug|Any CPU
		{13BC00CE-69BE-4560-8AB3-72FF76BF3477}.Release|Any CPU.ActiveCfg = Release|Any CPU
		{13BC00CE-69BE-4560-8AB3-72FF76BF3477}.Release|Any CPU.Build.0 = Release|Any CPU
		{369B1844-B30F-43C1-8B5D-2322E78CA729}.Debug|Any CPU.ActiveCfg = Debug|Any CPU
		{369B1844-B30F-43C1-8B5D-2322E78CA729}.Debug|Any CPU.Build.0 = Debug|Any CPU
		{369B1844-B30F-43C1-8B5D-2322E78CA729}.Release|Any CPU.ActiveCfg = Release|Any CPU
		{369B1844-B30F-43C1-8B5D-2322E78CA729}.Release|Any CPU.Build.0 = Release|Any CPU
		{7057ED8E-B3EB-4CA2-9D17-AEEF5034EE13}.Debug|Any CPU.ActiveCfg = Debug|Any CPU
		{7057ED8E-B3EB-4CA2-9D17-AEEF5034EE13}.Debug|Any CPU.Build.0 = Debug|Any CPU
		{7057ED8E-B3EB-4CA2-9D17-AEEF5034EE13}.Release|Any CPU.ActiveCfg = Release|Any CPU
		{7057ED8E-B3EB-4CA2-9D17-AEEF5034EE13}.Release|Any CPU.Build.0 = Release|Any CPU
	EndGlobalSection
	GlobalSection(NestedProjects) = preSolution
		{13BC00CE-69BE-4560-8AB3-72FF76BF3477} = {35BFB762-39B2-4AEA-AA56-E2A132F30973}
		{369B1844-B30F-43C1-8B5D-2322E78CA729} = {2D069A92-4094-42FB-9024-B82153C75039}
		{7057ED8E-B3EB-4CA2-9D17-AEEF5034EE13} = {35BFB762-39B2-4AEA-AA56-E2A132F30973}
	EndGlobalSection
EndGlobal
